
Microsoft Visual Studio Solution File, Format Version 12.00
# Visual Studio 15
VisualStudioVersion = 15.0.27703.2035
MinimumVisualStudioVersion = 10.0.40219.1
Project("{FAE04EC0-301F-11D3-BF4B-00C04F79EFBC}") = "文件导入管理系统", "文件导入管理系统\文件导入管理系统.csproj", "{AB6CF44B-6241-4691-A092-D772330A3508}"
EndProject
Global
	GlobalSection(SolutionConfigurationPlatforms) = preSolution
		Debug|Any CPU = Debug|Any CPU
		Release|Any CPU = Release|Any CPU
	EndGlobalSection
	GlobalSection(ProjectConfigurationPlatforms) = postSolution
		{AB6CF44B-6241-4691-A092-D772330A3508}.Debug|Any CPU.ActiveCfg = Debug|Any CPU
		{AB6CF44B-6241-4691-A092-D772330A3508}.Debug|Any CPU.Build.0 = Debug|Any CPU
		{AB6CF44B-6241-4691-A092-D772330A3508}.Release|Any CPU.ActiveCfg = Release|Any CPU
		{AB6CF44B-6241-4691-A092-D772330A3508}.Release|Any CPU.Build.0 = Release|Any CPU
	EndGlobalSection
	GlobalSection(SolutionProperties) = preSolution
		HideSolutionNode = FALSE
	EndGlobalSection
	GlobalSection(ExtensibilityGlobals) = postSolution
		SolutionGuid = {ABBC0C26-2937-487D-A728-94E58053A012}
	EndGlobalSection
EndGlobal
